
Microsoft Visual Studio Solution File, Format Version 12.00
# Visual Studio Version 17
VisualStudioVersion = 17.8.34330.188
MinimumVisualStudioVersion = 10.0.40219.1
Project("{FAE04EC0-301F-11D3-BF4B-00C04F79EFBC}") = "MihrapPlak.DAL", "MihrapPlak.DAL\MihrapPlak.DAL.csproj", "{D73BEBB2-7ECD-4DEF-8EB8-CA8EB47CFF13}"
EndProject
Project("{FAE04EC0-301F-11D3-BF4B-00C04F79EFBC}") = "MihrapPlak.Models", "MihrapPlak.Models\MihrapPlak.Models.csproj", "{CE1C9AA2-8C21-42BC-BA96-3D39724DF0E7}"
EndProject
Project("{FAE04EC0-301F-11D3-BF4B-00C04F79EFBC}") = "MihrapPlak.UI", "MihrapPlak.UI\MihrapPlak.UI.csproj", "{734A522E-1D1E-49FC-91F5-F3FC5F104395}"
EndProject
Global
	GlobalSection(SolutionConfigurationPlatforms) = preSolution
		Debug|Any CPU = Debug|Any CPU
		Release|Any CPU = Release|Any CPU
	EndGlobalSection
	GlobalSection(ProjectConfigurationPlatforms) = postSolution
		{D73BEBB2-7ECD-4DEF-8EB8-CA8EB47CFF13}.Debug|Any CPU.ActiveCfg = Debug|Any CPU
		{D73BEBB2-7ECD-4DEF-8EB8-CA8EB47CFF13}.Debug|Any CPU.Build.0 = Debug|Any CPU
		{D73BEBB2-7ECD-4DEF-8EB8-CA8EB47CFF13}.Release|Any CPU.ActiveCfg = Release|Any CPU
		{D73BEBB2-7ECD-4DEF-8EB8-CA8EB47CFF13}.Release|Any CPU.Build.0 = Release|Any CPU
		{CE1C9AA2-8C21-42BC-BA96-3D39724DF0E7}.Debug|Any CPU.ActiveCfg = Debug|Any CPU
		{CE1C9AA2-8C21-42BC-BA96-3D39724DF0E7}.Debug|Any CPU.Build.0 = Debug|Any CPU
		{CE1C9AA2-8C21-42BC-BA96-3D39724DF0E7}.Release|Any CPU.ActiveCfg = Release|Any CPU
		{CE1C9AA2-8C21-42BC-BA96-3D39724DF0E7}.Release|Any CPU.Build.0 = Release|Any CPU
		{734A522E-1D1E-49FC-91F5-F3FC5F104395}.Debug|Any CPU.ActiveCfg = Debug|Any CPU
		{734A522E-1D1E-49FC-91F5-F3FC5F104395}.Debug|Any CPU.Build.0 = Debug|Any CPU
		{734A522E-1D1E-49FC-91F5-F3FC5F104395}.Release|Any CPU.ActiveCfg = Release|Any CPU
		{734A522E-1D1E-49FC-91F5-F3FC5F104395}.Release|Any CPU.Build.0 = Release|Any CPU
	EndGlobalSection
	GlobalSection(SolutionProperties) = preSolution
		HideSolutionNode = FALSE
	EndGlobalSection
	GlobalSection(ExtensibilityGlobals) = postSolution
		SolutionGuid = {622C10C7-0351-4A05-AC51-714D0CAC390E}
	EndGlobalSection
EndGlobal
